
Microsoft Visual Studio Solution File, Format Version 12.00
# Visual Studio Version 16
VisualStudioVersion = 16.0.30011.22
MinimumVisualStudioVersion = 10.0.40219.1
Project("{FAE04EC0-301F-11D3-BF4B-00C04F79EFBC}") = "CharGraph", "CharGraph\CharGraph.csproj", "{4C6F6A4A-32C8-4815-9303-93FCC6E8BDB9}"
EndProject
Global
	GlobalSection(SolutionConfigurationPlatforms) = preSolution
		Debug|Any CPU = Debug|Any CPU
		Release|Any CPU = Release|Any CPU
	EndGlobalSection
	GlobalSection(ProjectConfigurationPlatforms) = postSolution
		{4C6F6A4A-32C8-4815-9303-93FCC6E8BDB9}.Debug|Any CPU.ActiveCfg = Debug|Any CPU
		{4C6F6A4A-32C8-4815-9303-93FCC6E8BDB9}.Debug|Any CPU.Build.0 = Debug|Any CPU
		{4C6F6A4A-32C8-4815-9303-93FCC6E8BDB9}.Release|Any CPU.ActiveCfg = Release|Any CPU
		{4C6F6A4A-32C8-4815-9303-93FCC6E8BDB9}.Release|Any CPU.Build.0 = Release|Any CPU
	EndGlobalSection
	GlobalSection(SolutionProperties) = preSolution
		HideSolutionNode = FALSE
	EndGlobalSection
	GlobalSection(ExtensibilityGlobals) = postSolution
		SolutionGuid = {BC27275B-5DA3-4BE6-89A0-63E20AADF072}
	EndGlobalSection
EndGlobal
